
Microsoft Visual Studio Solution File, Format Version 12.00
# Visual Studio 15
VisualStudioVersion = 15.0.28307.1340
MinimumVisualStudioVersion = 10.0.40219.1
Project("{FAE04EC0-301F-11D3-BF4B-00C04F79EFBC}") = "TheDoomedCells", "TheDoomedCells.csproj", "{906C794D-8209-41B9-9EF3-82C8308AED77}"
EndProject
Project("{FAE04EC0-301F-11D3-BF4B-00C04F79EFBC}") = "DungeonLibrary", "..\CharacterLibrary\DungeonLibrary.csproj", "{B8969E50-F602-4D12-A4F4-A199620A82CC}"
EndProject
Global
	GlobalSection(SolutionConfigurationPlatforms) = preSolution
		Debug|Any CPU = Debug|Any CPU
		Release|Any CPU = Release|Any CPU
	EndGlobalSection
	GlobalSection(ProjectConfigurationPlatforms) = postSolution
		{906C794D-8209-41B9-9EF3-82C8308AED77}.Debug|Any CPU.ActiveCfg = Debug|Any CPU
		{906C794D-8209-41B9-9EF3-82C8308AED77}.Debug|Any CPU.Build.0 = Debug|Any CPU
		{906C794D-8209-41B9-9EF3-82C8308AED77}.Release|Any CPU.ActiveCfg = Release|Any CPU
		{906C794D-8209-41B9-9EF3-82C8308AED77}.Release|Any CPU.Build.0 = Release|Any CPU
		{B8969E50-F602-4D12-A4F4-A199620A82CC}.Debug|Any CPU.ActiveCfg = Debug|Any CPU
		{B8969E50-F602-4D12-A4F4-A199620A82CC}.Debug|Any CPU.Build.0 = Debug|Any CPU
		{B8969E50-F602-4D12-A4F4-A199620A82CC}.Release|Any CPU.ActiveCfg = Release|Any CPU
		{B8969E50-F602-4D12-A4F4-A199620A82CC}.Release|Any CPU.Build.0 = Release|Any CPU
	EndGlobalSection
	GlobalSection(SolutionProperties) = preSolution
		HideSolutionNode = FALSE
	EndGlobalSection
	GlobalSection(ExtensibilityGlobals) = postSolution
		SolutionGuid = {83E3EBCD-F377-4D96-978E-BBA97AB1C50D}
	EndGlobalSection
EndGlobal
